# This file is automatically @generated by Cargo.
# It is not intended for manual editing.
version = 4

[[package]]
name = "guest-echo"
version = "0.1.0"
dependencies = [
 "minios-abi",
]

[[package]]
name = "minios-abi"
version = "0.2.0"
source = "git+https://github.com/kunihiko-t/minios.git?tag=minios-abi-v0.2.0#0751dd67c051cc396aa5b4aade7bdc2ba8037587"
